
Microsoft Visual Studio Solution File, Format Version 12.00
# Visual Studio Version 17
VisualStudioVersion = 17.8.34330.188
MinimumVisualStudioVersion = 10.0.40219.1
Project("{FAE04EC0-301F-11D3-BF4B-00C04F79EFBC}") = "test-master", "test-master\test-master.csproj", "{A22F51A7-EBC0-4B1F-8A64-85009BF0956E}"
EndProject
Global
	GlobalSection(SolutionConfigurationPlatforms) = preSolution
		Debug|Any CPU = Debug|Any CPU
		Release|Any CPU = Release|Any CPU
	EndGlobalSection
	GlobalSection(ProjectConfigurationPlatforms) = postSolution
		{A22F51A7-EBC0-4B1F-8A64-85009BF0956E}.Debug|Any CPU.ActiveCfg = Debug|Any CPU
		{A22F51A7-EBC0-4B1F-8A64-85009BF0956E}.Debug|Any CPU.Build.0 = Debug|Any CPU
		{A22F51A7-EBC0-4B1F-8A64-85009BF0956E}.Release|Any CPU.ActiveCfg = Release|Any CPU
		{A22F51A7-EBC0-4B1F-8A64-85009BF0956E}.Release|Any CPU.Build.0 = Release|Any CPU
	EndGlobalSection
	GlobalSection(SolutionProperties) = preSolution
		HideSolutionNode = FALSE
	EndGlobalSection
	GlobalSection(ExtensibilityGlobals) = postSolution
		SolutionGuid = {D579980D-C47A-4800-80A4-464F75B177EF}
	EndGlobalSection
EndGlobal
